
Microsoft Visual Studio Solution File, Format Version 12.00
# Visual Studio 15
VisualStudioVersion = 15.0.27004.2002
MinimumVisualStudioVersion = 10.0.40219.1
Project("{2150E333-8FDC-42A3-9474-1A3956D46DE8}") = "Plugins", "Plugins", "{F9A5BAFF-4C35-4F15-BDD6-81CB8EC6977D}"
EndProject
Project("{2150E333-8FDC-42A3-9474-1A3956D46DE8}") = "Framework", "Framework", "{EC98C548-6268-4B67-BC45-88DCD9B63960}"
EndProject
Project("{FAE04EC0-301F-11D3-BF4B-00C04F79EFBC}") = "FFXIV.Framework", "FFXIV.Framework\FFXIV.Framework\FFXIV.Framework.csproj", "{22EBF8A4-EED1-4CD1-99EB-99665163A315}"
EndProject
Project("{FAE04EC0-301F-11D3-BF4B-00C04F79EFBC}") = "FFXIV.Framework.TTS", "FFXIV.Framework\FFXIV.Framework.TTS\FFXIV.Framework.TTS.csproj", "{B796D164-4154-4CE5-AAA4-7FF0365FBD92}"
EndProject
Project("{FAE04EC0-301F-11D3-BF4B-00C04F79EFBC}") = "FFXIV.Framework.TTS.Server", "FFXIV.Framework\FFXIV.Framework.TTS.Server\FFXIV.Framework.TTS.Server.csproj", "{4CB004BE-8162-4601-8F98-162D4F1C0FA1}"
EndProject
Project("{FAE04EC0-301F-11D3-BF4B-00C04F79EFBC}") = "FFXIV.Framework.Dialog", "FFXIV.Framework\FFXIV.Framework.Dialog\FFXIV.Framework.Dialog.csproj", "{5FC72C62-16D6-4F95-AA45-C7AD5F8A7901}"
EndProject
Project("{FAE04EC0-301F-11D3-BF4B-00C04F79EFBC}") = "FFXIV.Framework.Dialog.Wrapper", "FFXIV.Framework\FFXIV.Framework.Dialog.Wrapper\FFXIV.Framework.Dialog.Wrapper.csproj", "{DD7824D5-F74E-4412-9E87-C7B89E1C6165}"
EndProject
Project("{FAE04EC0-301F-11D3-BF4B-00C04F79EFBC}") = "ACT.SpecialSpellTimer", "ACT.SpecialSpellTimer\ACT.SpecialSpellTimer\ACT.SpecialSpellTimer.csproj", "{CCF72089-92FA-4AFB-BDE7-869CA0E394F9}"
EndProject
Project("{FAE04EC0-301F-11D3-BF4B-00C04F79EFBC}") = "XIVDBDownloader", "ACT.SpecialSpellTimer\XIVDBDownloader\XIVDBDownloader.csproj", "{C3FA9195-3381-4622-97EB-D0E1CA7C8B14}"
EndProject
Project("{FAE04EC0-301F-11D3-BF4B-00C04F79EFBC}") = "ACT.TTSYukkuri.Core", "ACT.TTSYukkuri\ACT.TTSYukkuri.Core\ACT.TTSYukkuri.Core.csproj", "{9A615561-6CEC-4857-870F-88F6FF07764C}"
EndProject
Project("{FAE04EC0-301F-11D3-BF4B-00C04F79EFBC}") = "ACT.SpecialSpellTimer.Core", "ACT.SpecialSpellTimer\ACT.SpecialSpellTimer.Core\ACT.SpecialSpellTimer.Core.csproj", "{EA12D333-F0ED-4524-8BAD-B986B0137EA5}"
EndProject
Project("{FAE04EC0-301F-11D3-BF4B-00C04F79EFBC}") = "ACT.TTSYukkuri", "ACT.TTSYukkuri\ACT.TTSYukkuri\ACT.TTSYukkuri.csproj", "{F20B280B-35B9-4462-A71E-E187CC2A60E7}"
EndProject
Project("{FAE04EC0-301F-11D3-BF4B-00C04F79EFBC}") = "ACT.UltraScouter.Core", "ACT.UltraScouter\ACT.UltraScouter.Core\ACT.UltraScouter.Core.csproj", "{6D17F2C1-F9BD-4C9C-96C9-1A60AD975E4B}"
EndProject
Project("{FAE04EC0-301F-11D3-BF4B-00C04F79EFBC}") = "ACT.UltraScouter", "ACT.UltraScouter\ACT.UltraScouter\ACT.UltraScouter.csproj", "{DDA65B79-1B89-4223-BA81-C748755057E6}"
EndProject
Project("{FAE04EC0-301F-11D3-BF4B-00C04F79EFBC}") = "ACT.Hojoring", "ACT.Hojoring\ACT.Hojoring.csproj", "{CC751668-0CB9-4BDE-AF31-BA99DA079E59}"
EndProject
Project("{FAE04EC0-301F-11D3-BF4B-00C04F79EFBC}") = "FFXIV.Framework.TTS.Common", "FFXIV.Framework\FFXIV.Framework.TTS.Common\FFXIV.Framework.TTS.Common.csproj", "{18CE9B28-4F0B-45D1-AE3F-14F3982F0E59}"
EndProject
Project("{FAE04EC0-301F-11D3-BF4B-00C04F79EFBC}") = "ACT.Hojoring.Common", "ACT.Hojoring.Common\ACT.Hojoring.Common.csproj", "{7E1502B5-DB00-4B2E-BDBA-19E3379670B3}"
EndProject
Global
	GlobalSection(SolutionConfigurationPlatforms) = preSolution
		Debug|Any CPU = Debug|Any CPU
		Debug|x86 = Debug|x86
		Release|Any CPU = Release|Any CPU
		Release|x86 = Release|x86
	EndGlobalSection
	GlobalSection(ProjectConfigurationPlatforms) = postSolution
		{22EBF8A4-EED1-4CD1-99EB-99665163A315}.Debug|Any CPU.ActiveCfg = Debug|Any CPU
		{22EBF8A4-EED1-4CD1-99EB-99665163A315}.Debug|Any CPU.Build.0 = Debug|Any CPU
		{22EBF8A4-EED1-4CD1-99EB-99665163A315}.Debug|x86.ActiveCfg = Debug|Any CPU
		{22EBF8A4-EED1-4CD1-99EB-99665163A315}.Debug|x86.Build.0 = Debug|Any CPU
		{22EBF8A4-EED1-4CD1-99EB-99665163A315}.Release|Any CPU.ActiveCfg = Release|Any CPU
		{22EBF8A4-EED1-4CD1-99EB-99665163A315}.Release|Any CPU.Build.0 = Release|Any CPU
		{22EBF8A4-EED1-4CD1-99EB-99665163A315}.Release|x86.ActiveCfg = Release|Any CPU
		{22EBF8A4-EED1-4CD1-99EB-99665163A315}.Release|x86.Build.0 = Release|Any CPU
		{B796D164-4154-4CE5-AAA4-7FF0365FBD92}.Debug|Any CPU.ActiveCfg = Debug|Any CPU
		{B796D164-4154-4CE5-AAA4-7FF0365FBD92}.Debug|Any CPU.Build.0 = Debug|Any CPU
		{B796D164-4154-4CE5-AAA4-7FF0365FBD92}.Debug|x86.ActiveCfg = Debug|Any CPU
		{B796D164-4154-4CE5-AAA4-7FF0365FBD92}.Debug|x86.Build.0 = Debug|Any CPU
		{B796D164-4154-4CE5-AAA4-7FF0365FBD92}.Release|Any CPU.ActiveCfg = Release|Any CPU
		{B796D164-4154-4CE5-AAA4-7FF0365FBD92}.Release|Any CPU.Build.0 = Release|Any CPU
		{B796D164-4154-4CE5-AAA4-7FF0365FBD92}.Release|x86.ActiveCfg = Release|Any CPU
		{B796D164-4154-4CE5-AAA4-7FF0365FBD92}.Release|x86.Build.0 = Release|Any CPU
		{4CB004BE-8162-4601-8F98-162D4F1C0FA1}.Debug|Any CPU.ActiveCfg = Debug|x86
		{4CB004BE-8162-4601-8F98-162D4F1C0FA1}.Debug|Any CPU.Build.0 = Debug|x86
		{4CB004BE-8162-4601-8F98-162D4F1C0FA1}.Debug|x86.ActiveCfg = Debug|x86
		{4CB004BE-8162-4601-8F98-162D4F1C0FA1}.Debug|x86.Build.0 = Debug|x86
		{4CB004BE-8162-4601-8F98-162D4F1C0FA1}.Release|Any CPU.ActiveCfg = Release|x86
		{4CB004BE-8162-4601-8F98-162D4F1C0FA1}.Release|Any CPU.Build.0 = Release|x86
		{4CB004BE-8162-4601-8F98-162D4F1C0FA1}.Release|x86.ActiveCfg = Release|x86
		{4CB004BE-8162-4601-8F98-162D4F1C0FA1}.Release|x86.Build.0 = Release|x86
		{5FC72C62-16D6-4F95-AA45-C7AD5F8A7901}.Debug|Any CPU.ActiveCfg = Debug|Any CPU
		{5FC72C62-16D6-4F95-AA45-C7AD5F8A7901}.Debug|Any CPU.Build.0 = Debug|Any CPU
		{5FC72C62-16D6-4F95-AA45-C7AD5F8A7901}.Debug|x86.ActiveCfg = Debug|Any CPU
		{5FC72C62-16D6-4F95-AA45-C7AD5F8A7901}.Debug|x86.Build.0 = Debug|Any CPU
		{5FC72C62-16D6-4F95-AA45-C7AD5F8A7901}.Release|Any CPU.ActiveCfg = Release|Any CPU
		{5FC72C62-16D6-4F95-AA45-C7AD5F8A7901}.Release|Any CPU.Build.0 = Release|Any CPU
		{5FC72C62-16D6-4F95-AA45-C7AD5F8A7901}.Release|x86.ActiveCfg = Release|Any CPU
		{5FC72C62-16D6-4F95-AA45-C7AD5F8A7901}.Release|x86.Build.0 = Release|Any CPU
		{DD7824D5-F74E-4412-9E87-C7B89E1C6165}.Debug|Any CPU.ActiveCfg = Debug|Any CPU
		{DD7824D5-F74E-4412-9E87-C7B89E1C6165}.Debug|Any CPU.Build.0 = Debug|Any CPU
		{DD7824D5-F74E-4412-9E87-C7B89E1C6165}.Debug|x86.ActiveCfg = Debug|Any CPU
		{DD7824D5-F74E-4412-9E87-C7B89E1C6165}.Debug|x86.Build.0 = Debug|Any CPU
		{DD7824D5-F74E-4412-9E87-C7B89E1C6165}.Release|Any CPU.ActiveCfg = Release|Any CPU
		{DD7824D5-F74E-4412-9E87-C7B89E1C6165}.Release|Any CPU.Build.0 = Release|Any CPU
		{DD7824D5-F74E-4412-9E87-C7B89E1C6165}.Release|x86.ActiveCfg = Release|Any CPU
		{DD7824D5-F74E-4412-9E87-C7B89E1C6165}.Release|x86.Build.0 = Release|Any CPU
		{CCF72089-92FA-4AFB-BDE7-869CA0E394F9}.Debug|Any CPU.ActiveCfg = Debug|Any CPU
		{CCF72089-92FA-4AFB-BDE7-869CA0E394F9}.Debug|Any CPU.Build.0 = Debug|Any CPU
		{CCF72089-92FA-4AFB-BDE7-869CA0E394F9}.Debug|x86.ActiveCfg = Debug|Any CPU
		{CCF72089-92FA-4AFB-BDE7-869CA0E394F9}.Debug|x86.Build.0 = Debug|Any CPU
		{CCF72089-92FA-4AFB-BDE7-869CA0E394F9}.Release|Any CPU.ActiveCfg = Release|Any CPU
		{CCF72089-92FA-4AFB-BDE7-869CA0E394F9}.Release|Any CPU.Build.0 = Release|Any CPU
		{CCF72089-92FA-4AFB-BDE7-869CA0E394F9}.Release|x86.ActiveCfg = Release|Any CPU
		{CCF72089-92FA-4AFB-BDE7-869CA0E394F9}.Release|x86.Build.0 = Release|Any CPU
		{C3FA9195-3381-4622-97EB-D0E1CA7C8B14}.Debug|Any CPU.ActiveCfg = Debug|Any CPU
		{C3FA9195-3381-4622-97EB-D0E1CA7C8B14}.Debug|Any CPU.Build.0 = Debug|Any CPU
		{C3FA9195-3381-4622-97EB-D0E1CA7C8B14}.Debug|x86.ActiveCfg = Debug|Any CPU
		{C3FA9195-3381-4622-97EB-D0E1CA7C8B14}.Debug|x86.Build.0 = Debug|Any CPU
		{C3FA9195-3381-4622-97EB-D0E1CA7C8B14}.Release|Any CPU.ActiveCfg = Release|Any CPU
		{C3FA9195-3381-4622-97EB-D0E1CA7C8B14}.Release|Any CPU.Build.0 = Release|Any CPU
		{C3FA9195-3381-4622-97EB-D0E1CA7C8B14}.Release|x86.ActiveCfg = Release|Any CPU
		{C3FA9195-3381-4622-97EB-D0E1CA7C8B14}.Release|x86.Build.0 = Release|Any CPU
		{9A615561-6CEC-4857-870F-88F6FF07764C}.Debug|Any CPU.ActiveCfg = Debug|Any CPU
		{9A615561-6CEC-4857-870F-88F6FF07764C}.Debug|Any CPU.Build.0 = Debug|Any CPU
		{9A615561-6CEC-4857-870F-88F6FF07764C}.Debug|x86.ActiveCfg = Debug|Any CPU
		{9A615561-6CEC-4857-870F-88F6FF07764C}.Debug|x86.Build.0 = Debug|Any CPU
		{9A615561-6CEC-4857-870F-88F6FF07764C}.Release|Any CPU.ActiveCfg = Release|Any CPU
		{9A615561-6CEC-4857-870F-88F6FF07764C}.Release|Any CPU.Build.0 = Release|Any CPU
		{9A615561-6CEC-4857-870F-88F6FF07764C}.Release|x86.ActiveCfg = Release|Any CPU
		{9A615561-6CEC-4857-870F-88F6FF07764C}.Release|x86.Build.0 = Release|Any CPU
		{EA12D333-F0ED-4524-8BAD-B986B0137EA5}.Debug|Any CPU.ActiveCfg = Debug|Any CPU
		{EA12D333-F0ED-4524-8BAD-B986B0137EA5}.Debug|Any CPU.Build.0 = Debug|Any CPU
		{EA12D333-F0ED-4524-8BAD-B986B0137EA5}.Debug|x86.ActiveCfg = Debug|Any CPU
		{EA12D333-F0ED-4524-8BAD-B986B0137EA5}.Debug|x86.Build.0 = Debug|Any CPU
		{EA12D333-F0ED-4524-8BAD-B986B0137EA5}.Release|Any CPU.ActiveCfg = Release|Any CPU
		{EA12D333-F0ED-4524-8BAD-B986B0137EA5}.Release|Any CPU.Build.0 = Release|Any CPU
		{EA12D333-F0ED-4524-8BAD-B986B0137EA5}.Release|x86.ActiveCfg = Release|Any CPU
		{EA12D333-F0ED-4524-8BAD-B986B0137EA5}.Release|x86.Build.0 = Release|Any CPU
		{F20B280B-35B9-4462-A71E-E187CC2A60E7}.Debug|Any CPU.ActiveCfg = Debug|Any CPU
		{F20B280B-35B9-4462-A71E-E187CC2A60E7}.Debug|Any CPU.Build.0 = Debug|Any CPU
		{F20B280B-35B9-4462-A71E-E187CC2A60E7}.Debug|x86.ActiveCfg = Debug|Any CPU
		{F20B280B-35B9-4462-A71E-E187CC2A60E7}.Debug|x86.Build.0 = Debug|Any CPU
		{F20B280B-35B9-4462-A71E-E187CC2A60E7}.Release|Any CPU.ActiveCfg = Release|Any CPU
		{F20B280B-35B9-4462-A71E-E187CC2A60E7}.Release|Any CPU.Build.0 = Release|Any CPU
		{F20B280B-35B9-4462-A71E-E187CC2A60E7}.Release|x86.ActiveCfg = Release|Any CPU
		{F20B280B-35B9-4462-A71E-E187CC2A60E7}.Release|x86.Build.0 = Release|Any CPU
		{6D17F2C1-F9BD-4C9C-96C9-1A60AD975E4B}.Debug|Any CPU.ActiveCfg = Debug|Any CPU
		{6D17F2C1-F9BD-4C9C-96C9-1A60AD975E4B}.Debug|Any CPU.Build.0 = Debug|Any CPU
		{6D17F2C1-F9BD-4C9C-96C9-1A60AD975E4B}.Debug|x86.ActiveCfg = Debug|Any CPU
		{6D17F2C1-F9BD-4C9C-96C9-1A60AD975E4B}.Debug|x86.Build.0 = Debug|Any CPU
		{6D17F2C1-F9BD-4C9C-96C9-1A60AD975E4B}.Release|Any CPU.ActiveCfg = Release|Any CPU
		{6D17F2C1-F9BD-4C9C-96C9-1A60AD975E4B}.Release|Any CPU.Build.0 = Release|Any CPU
		{6D17F2C1-F9BD-4C9C-96C9-1A60AD975E4B}.Release|x86.ActiveCfg = Release|Any CPU
		{6D17F2C1-F9BD-4C9C-96C9-1A60AD975E4B}.Release|x86.Build.0 = Release|Any CPU
		{DDA65B79-1B89-4223-BA81-C748755057E6}.Debug|Any CPU.ActiveCfg = Debug|Any CPU
		{DDA65B79-1B89-4223-BA81-C748755057E6}.Debug|Any CPU.Build.0 = Debug|Any CPU
		{DDA65B79-1B89-4223-BA81-C748755057E6}.Debug|x86.ActiveCfg = Debug|Any CPU
		{DDA65B79-1B89-4223-BA81-C748755057E6}.Debug|x86.Build.0 = Debug|Any CPU
		{DDA65B79-1B89-4223-BA81-C748755057E6}.Release|Any CPU.ActiveCfg = Release|Any CPU
		{DDA65B79-1B89-4223-BA81-C748755057E6}.Release|Any CPU.Build.0 = Release|Any CPU
		{DDA65B79-1B89-4223-BA81-C748755057E6}.Release|x86.ActiveCfg = Release|Any CPU
		{DDA65B79-1B89-4223-BA81-C748755057E6}.Release|x86.Build.0 = Release|Any CPU
		{CC751668-0CB9-4BDE-AF31-BA99DA079E59}.Debug|Any CPU.ActiveCfg = Debug|Any CPU
		{CC751668-0CB9-4BDE-AF31-BA99DA079E59}.Debug|Any CPU.Build.0 = Debug|Any CPU
		{CC751668-0CB9-4BDE-AF31-BA99DA079E59}.Debug|x86.ActiveCfg = Debug|Any CPU
		{CC751668-0CB9-4BDE-AF31-BA99DA079E59}.Debug|x86.Build.0 = Debug|Any CPU
		{CC751668-0CB9-4BDE-AF31-BA99DA079E59}.Release|Any CPU.ActiveCfg = Release|Any CPU
		{CC751668-0CB9-4BDE-AF31-BA99DA079E59}.Release|Any CPU.Build.0 = Release|Any CPU
		{CC751668-0CB9-4BDE-AF31-BA99DA079E59}.Release|x86.ActiveCfg = Release|Any CPU
		{CC751668-0CB9-4BDE-AF31-BA99DA079E59}.Release|x86.Build.0 = Release|Any CPU
		{18CE9B28-4F0B-45D1-AE3F-14F3982F0E59}.Debug|Any CPU.ActiveCfg = Debug|Any CPU
		{18CE9B28-4F0B-45D1-AE3F-14F3982F0E59}.Debug|Any CPU.Build.0 = Debug|Any CPU
		{18CE9B28-4F0B-45D1-AE3F-14F3982F0E59}.Debug|x86.ActiveCfg = Debug|Any CPU
		{18CE9B28-4F0B-45D1-AE3F-14F3982F0E59}.Debug|x86.Build.0 = Debug|Any CPU
		{18CE9B28-4F0B-45D1-AE3F-14F3982F0E59}.Release|Any CPU.ActiveCfg = Release|Any CPU
		{18CE9B28-4F0B-45D1-AE3F-14F3982F0E59}.Release|Any CPU.Build.0 = Release|Any CPU
		{18CE9B28-4F0B-45D1-AE3F-14F3982F0E59}.Release|x86.ActiveCfg = Release|Any CPU
		{18CE9B28-4F0B-45D1-AE3F-14F3982F0E59}.Release|x86.Build.0 = Release|Any CPU
		{7E1502B5-DB00-4B2E-BDBA-19E3379670B3}.Debug|Any CPU.ActiveCfg = Debug|Any CPU
		{7E1502B5-DB00-4B2E-BDBA-19E3379670B3}.Debug|Any CPU.Build.0 = Debug|Any CPU
		{7E1502B5-DB00-4B2E-BDBA-19E3379670B3}.Debug|x86.ActiveCfg = Debug|Any CPU
		{7E1502B5-DB00-4B2E-BDBA-19E3379670B3}.Debug|x86.Build.0 = Debug|Any CPU
		{7E1502B5-DB00-4B2E-BDBA-19E3379670B3}.Release|Any CPU.ActiveCfg = Release|Any CPU
		{7E1502B5-DB00-4B2E-BDBA-19E3379670B3}.Release|Any CPU.Build.0 = Release|Any CPU
		{7E1502B5-DB00-4B2E-BDBA-19E3379670B3}.Release|x86.ActiveCfg = Release|Any CPU
		{7E1502B5-DB00-4B2E-BDBA-19E3379670B3}.Release|x86.Build.0 = Release|Any CPU
	EndGlobalSection
	GlobalSection(SolutionProperties) = preSolution
		HideSolutionNode = FALSE
	EndGlobalSection
	GlobalSection(NestedProjects) = preSolution
		{22EBF8A4-EED1-4CD1-99EB-99665163A315} = {EC98C548-6268-4B67-BC45-88DCD9B63960}
		{B796D164-4154-4CE5-AAA4-7FF0365FBD92} = {EC98C548-6268-4B67-BC45-88DCD9B63960}
		{4CB004BE-8162-4601-8F98-162D4F1C0FA1} = {EC98C548-6268-4B67-BC45-88DCD9B63960}
		{5FC72C62-16D6-4F95-AA45-C7AD5F8A7901} = {EC98C548-6268-4B67-BC45-88DCD9B63960}
		{DD7824D5-F74E-4412-9E87-C7B89E1C6165} = {EC98C548-6268-4B67-BC45-88DCD9B63960}
		{CCF72089-92FA-4AFB-BDE7-869CA0E394F9} = {F9A5BAFF-4C35-4F15-BDD6-81CB8EC6977D}
		{C3FA9195-3381-4622-97EB-D0E1CA7C8B14} = {F9A5BAFF-4C35-4F15-BDD6-81CB8EC6977D}
		{9A615561-6CEC-4857-870F-88F6FF07764C} = {F9A5BAFF-4C35-4F15-BDD6-81CB8EC6977D}
		{EA12D333-F0ED-4524-8BAD-B986B0137EA5} = {F9A5BAFF-4C35-4F15-BDD6-81CB8EC6977D}
		{F20B280B-35B9-4462-A71E-E187CC2A60E7} = {F9A5BAFF-4C35-4F15-BDD6-81CB8EC6977D}
		{6D17F2C1-F9BD-4C9C-96C9-1A60AD975E4B} = {F9A5BAFF-4C35-4F15-BDD6-81CB8EC6977D}
		{DDA65B79-1B89-4223-BA81-C748755057E6} = {F9A5BAFF-4C35-4F15-BDD6-81CB8EC6977D}
		{18CE9B28-4F0B-45D1-AE3F-14F3982F0E59} = {EC98C548-6268-4B67-BC45-88DCD9B63960}
	EndGlobalSection
	GlobalSection(ExtensibilityGlobals) = postSolution
		SolutionGuid = {2A11DDD1-7A46-4236-969A-3942CBE6A01A}
	EndGlobalSection
EndGlobal
