
Microsoft Visual Studio Solution File, Format Version 12.00
# Visual Studio 15
VisualStudioVersion = 15.0.26430.13
MinimumVisualStudioVersion = 10.0.40219.1
Project("{FAE04EC0-301F-11D3-BF4B-00C04F79EFBC}") = "ACT.TTSYukkuri.Core", "ACT.TTSYukkuri.Core\ACT.TTSYukkuri.Core.csproj", "{9A615561-6CEC-4857-870F-88F6FF07764C}"
EndProject
Project("{2150E333-8FDC-42A3-9474-1A3956D46DE8}") = "FFXIV.Framework", "FFXIV.Framework", "{B639A3CC-7049-40AB-9BF0-6D388EA405FF}"
EndProject
Project("{FAE04EC0-301F-11D3-BF4B-00C04F79EFBC}") = "FFXIV.Framework", "..\FFXIV.Framework\FFXIV.Framework\FFXIV.Framework.csproj", "{22EBF8A4-EED1-4CD1-99EB-99665163A315}"
EndProject
Project("{FAE04EC0-301F-11D3-BF4B-00C04F79EFBC}") = "FFXIV.Framework.TTS.Common", "..\FFXIV.Framework\FFXIV.Framework.TTS.Common\FFXIV.Framework.TTS.Common.csproj", "{18CE9B28-4F0B-45D1-AE3F-14F3982F0E59}"
EndProject
Project("{FAE04EC0-301F-11D3-BF4B-00C04F79EFBC}") = "FFXIV.Framework.TTS", "..\FFXIV.Framework\FFXIV.Framework.TTS\FFXIV.Framework.TTS.csproj", "{B796D164-4154-4CE5-AAA4-7FF0365FBD92}"
EndProject
Project("{FAE04EC0-301F-11D3-BF4B-00C04F79EFBC}") = "FFXIV.Framework.TTS.Server", "..\FFXIV.Framework\FFXIV.Framework.TTS.Server\FFXIV.Framework.TTS.Server.csproj", "{4CB004BE-8162-4601-8F98-162D4F1C0FA1}"
EndProject
Project("{FAE04EC0-301F-11D3-BF4B-00C04F79EFBC}") = "ACT.TTSYukkuri", "ACT.TTSYukkuri\ACT.TTSYukkuri.csproj", "{F20B280B-35B9-4462-A71E-E187CC2A60E7}"
EndProject
Global
	GlobalSection(SolutionConfigurationPlatforms) = preSolution
		Debug|Any CPU = Debug|Any CPU
		Debug|x86 = Debug|x86
		Release|Any CPU = Release|Any CPU
		Release|x86 = Release|x86
	EndGlobalSection
	GlobalSection(ProjectConfigurationPlatforms) = postSolution
		{9A615561-6CEC-4857-870F-88F6FF07764C}.Debug|Any CPU.ActiveCfg = Debug|Any CPU
		{9A615561-6CEC-4857-870F-88F6FF07764C}.Debug|Any CPU.Build.0 = Debug|Any CPU
		{9A615561-6CEC-4857-870F-88F6FF07764C}.Debug|x86.ActiveCfg = Debug|Any CPU
		{9A615561-6CEC-4857-870F-88F6FF07764C}.Debug|x86.Build.0 = Debug|Any CPU
		{9A615561-6CEC-4857-870F-88F6FF07764C}.Release|Any CPU.ActiveCfg = Release|Any CPU
		{9A615561-6CEC-4857-870F-88F6FF07764C}.Release|Any CPU.Build.0 = Release|Any CPU
		{9A615561-6CEC-4857-870F-88F6FF07764C}.Release|x86.ActiveCfg = Release|Any CPU
		{9A615561-6CEC-4857-870F-88F6FF07764C}.Release|x86.Build.0 = Release|Any CPU
		{22EBF8A4-EED1-4CD1-99EB-99665163A315}.Debug|Any CPU.ActiveCfg = Debug|Any CPU
		{22EBF8A4-EED1-4CD1-99EB-99665163A315}.Debug|Any CPU.Build.0 = Debug|Any CPU
		{22EBF8A4-EED1-4CD1-99EB-99665163A315}.Debug|x86.ActiveCfg = Debug|Any CPU
		{22EBF8A4-EED1-4CD1-99EB-99665163A315}.Debug|x86.Build.0 = Debug|Any CPU
		{22EBF8A4-EED1-4CD1-99EB-99665163A315}.Release|Any CPU.ActiveCfg = Release|Any CPU
		{22EBF8A4-EED1-4CD1-99EB-99665163A315}.Release|Any CPU.Build.0 = Release|Any CPU
		{22EBF8A4-EED1-4CD1-99EB-99665163A315}.Release|x86.ActiveCfg = Release|Any CPU
		{22EBF8A4-EED1-4CD1-99EB-99665163A315}.Release|x86.Build.0 = Release|Any CPU
		{18CE9B28-4F0B-45D1-AE3F-14F3982F0E59}.Debug|Any CPU.ActiveCfg = Debug|Any CPU
		{18CE9B28-4F0B-45D1-AE3F-14F3982F0E59}.Debug|Any CPU.Build.0 = Debug|Any CPU
		{18CE9B28-4F0B-45D1-AE3F-14F3982F0E59}.Debug|x86.ActiveCfg = Debug|Any CPU
		{18CE9B28-4F0B-45D1-AE3F-14F3982F0E59}.Debug|x86.Build.0 = Debug|Any CPU
		{18CE9B28-4F0B-45D1-AE3F-14F3982F0E59}.Release|Any CPU.ActiveCfg = Release|Any CPU
		{18CE9B28-4F0B-45D1-AE3F-14F3982F0E59}.Release|Any CPU.Build.0 = Release|Any CPU
		{18CE9B28-4F0B-45D1-AE3F-14F3982F0E59}.Release|x86.ActiveCfg = Release|Any CPU
		{18CE9B28-4F0B-45D1-AE3F-14F3982F0E59}.Release|x86.Build.0 = Release|Any CPU
		{B796D164-4154-4CE5-AAA4-7FF0365FBD92}.Debug|Any CPU.ActiveCfg = Debug|Any CPU
		{B796D164-4154-4CE5-AAA4-7FF0365FBD92}.Debug|Any CPU.Build.0 = Debug|Any CPU
		{B796D164-4154-4CE5-AAA4-7FF0365FBD92}.Debug|x86.ActiveCfg = Debug|Any CPU
		{B796D164-4154-4CE5-AAA4-7FF0365FBD92}.Debug|x86.Build.0 = Debug|Any CPU
		{B796D164-4154-4CE5-AAA4-7FF0365FBD92}.Release|Any CPU.ActiveCfg = Release|Any CPU
		{B796D164-4154-4CE5-AAA4-7FF0365FBD92}.Release|Any CPU.Build.0 = Release|Any CPU
		{B796D164-4154-4CE5-AAA4-7FF0365FBD92}.Release|x86.ActiveCfg = Release|Any CPU
		{B796D164-4154-4CE5-AAA4-7FF0365FBD92}.Release|x86.Build.0 = Release|Any CPU
		{4CB004BE-8162-4601-8F98-162D4F1C0FA1}.Debug|Any CPU.ActiveCfg = Debug|x86
		{4CB004BE-8162-4601-8F98-162D4F1C0FA1}.Debug|Any CPU.Build.0 = Debug|x86
		{4CB004BE-8162-4601-8F98-162D4F1C0FA1}.Debug|x86.ActiveCfg = Debug|x86
		{4CB004BE-8162-4601-8F98-162D4F1C0FA1}.Debug|x86.Build.0 = Debug|x86
		{4CB004BE-8162-4601-8F98-162D4F1C0FA1}.Release|Any CPU.ActiveCfg = Release|x86
		{4CB004BE-8162-4601-8F98-162D4F1C0FA1}.Release|Any CPU.Build.0 = Release|x86
		{4CB004BE-8162-4601-8F98-162D4F1C0FA1}.Release|x86.ActiveCfg = Release|x86
		{4CB004BE-8162-4601-8F98-162D4F1C0FA1}.Release|x86.Build.0 = Release|x86
		{F20B280B-35B9-4462-A71E-E187CC2A60E7}.Debug|Any CPU.ActiveCfg = Debug|Any CPU
		{F20B280B-35B9-4462-A71E-E187CC2A60E7}.Debug|Any CPU.Build.0 = Debug|Any CPU
		{F20B280B-35B9-4462-A71E-E187CC2A60E7}.Debug|x86.ActiveCfg = Debug|Any CPU
		{F20B280B-35B9-4462-A71E-E187CC2A60E7}.Debug|x86.Build.0 = Debug|Any CPU
		{F20B280B-35B9-4462-A71E-E187CC2A60E7}.Release|Any CPU.ActiveCfg = Release|Any CPU
		{F20B280B-35B9-4462-A71E-E187CC2A60E7}.Release|Any CPU.Build.0 = Release|Any CPU
		{F20B280B-35B9-4462-A71E-E187CC2A60E7}.Release|x86.ActiveCfg = Release|Any CPU
		{F20B280B-35B9-4462-A71E-E187CC2A60E7}.Release|x86.Build.0 = Release|Any CPU
	EndGlobalSection
	GlobalSection(SolutionProperties) = preSolution
		HideSolutionNode = FALSE
	EndGlobalSection
	GlobalSection(NestedProjects) = preSolution
		{22EBF8A4-EED1-4CD1-99EB-99665163A315} = {B639A3CC-7049-40AB-9BF0-6D388EA405FF}
		{18CE9B28-4F0B-45D1-AE3F-14F3982F0E59} = {B639A3CC-7049-40AB-9BF0-6D388EA405FF}
		{B796D164-4154-4CE5-AAA4-7FF0365FBD92} = {B639A3CC-7049-40AB-9BF0-6D388EA405FF}
		{4CB004BE-8162-4601-8F98-162D4F1C0FA1} = {B639A3CC-7049-40AB-9BF0-6D388EA405FF}
	EndGlobalSection
	GlobalSection(ExtensibilityGlobals) = postSolution
		SolutionGuid = {A9AA83EB-F573-47B2-969C-F75D687670DF}
	EndGlobalSection
EndGlobal
