
Microsoft Visual Studio Solution File, Format Version 12.00
# Visual Studio 15
VisualStudioVersion = 15.0.26730.10
MinimumVisualStudioVersion = 10.0.40219.1
Project("{FAE04EC0-301F-11D3-BF4B-00C04F79EFBC}") = "ACT.UltraScouter.Core", "ACT.UltraScouter.Core\ACT.UltraScouter.Core.csproj", "{6D17F2C1-F9BD-4C9C-96C9-1A60AD975E4B}"
EndProject
Project("{FAE04EC0-301F-11D3-BF4B-00C04F79EFBC}") = "ACT.UltraScouter", "ACT.UltraScouter\ACT.UltraScouter.csproj", "{DDA65B79-1B89-4223-BA81-C748755057E6}"
EndProject
Project("{2150E333-8FDC-42A3-9474-1A3956D46DE8}") = "Framework", "Framework", "{ED143788-8444-4D0A-A812-716F38663544}"
EndProject
Project("{FAE04EC0-301F-11D3-BF4B-00C04F79EFBC}") = "FFXIV.Framework", "..\FFXIV.Framework\FFXIV.Framework\FFXIV.Framework.csproj", "{22EBF8A4-EED1-4CD1-99EB-99665163A315}"
EndProject
Project("{FAE04EC0-301F-11D3-BF4B-00C04F79EFBC}") = "FFXIV.Framework.Dialog", "..\FFXIV.Framework\FFXIV.Framework.Dialog\FFXIV.Framework.Dialog.csproj", "{5FC72C62-16D6-4F95-AA45-C7AD5F8A7901}"
EndProject
Project("{FAE04EC0-301F-11D3-BF4B-00C04F79EFBC}") = "FFXIV.Framework.Dialog.Wrapper", "..\FFXIV.Framework\FFXIV.Framework.Dialog.Wrapper\FFXIV.Framework.Dialog.Wrapper.csproj", "{DD7824D5-F74E-4412-9E87-C7B89E1C6165}"
EndProject
Global
	GlobalSection(SolutionConfigurationPlatforms) = preSolution
		Debug|Any CPU = Debug|Any CPU
		Release|Any CPU = Release|Any CPU
	EndGlobalSection
	GlobalSection(ProjectConfigurationPlatforms) = postSolution
		{6D17F2C1-F9BD-4C9C-96C9-1A60AD975E4B}.Debug|Any CPU.ActiveCfg = Debug|Any CPU
		{6D17F2C1-F9BD-4C9C-96C9-1A60AD975E4B}.Debug|Any CPU.Build.0 = Debug|Any CPU
		{6D17F2C1-F9BD-4C9C-96C9-1A60AD975E4B}.Release|Any CPU.ActiveCfg = Release|Any CPU
		{6D17F2C1-F9BD-4C9C-96C9-1A60AD975E4B}.Release|Any CPU.Build.0 = Release|Any CPU
		{DDA65B79-1B89-4223-BA81-C748755057E6}.Debug|Any CPU.ActiveCfg = Debug|Any CPU
		{DDA65B79-1B89-4223-BA81-C748755057E6}.Debug|Any CPU.Build.0 = Debug|Any CPU
		{DDA65B79-1B89-4223-BA81-C748755057E6}.Release|Any CPU.ActiveCfg = Release|Any CPU
		{DDA65B79-1B89-4223-BA81-C748755057E6}.Release|Any CPU.Build.0 = Release|Any CPU
		{22EBF8A4-EED1-4CD1-99EB-99665163A315}.Debug|Any CPU.ActiveCfg = Debug|Any CPU
		{22EBF8A4-EED1-4CD1-99EB-99665163A315}.Debug|Any CPU.Build.0 = Debug|Any CPU
		{22EBF8A4-EED1-4CD1-99EB-99665163A315}.Release|Any CPU.ActiveCfg = Release|Any CPU
		{22EBF8A4-EED1-4CD1-99EB-99665163A315}.Release|Any CPU.Build.0 = Release|Any CPU
		{5FC72C62-16D6-4F95-AA45-C7AD5F8A7901}.Debug|Any CPU.ActiveCfg = Debug|Any CPU
		{5FC72C62-16D6-4F95-AA45-C7AD5F8A7901}.Debug|Any CPU.Build.0 = Debug|Any CPU
		{5FC72C62-16D6-4F95-AA45-C7AD5F8A7901}.Release|Any CPU.ActiveCfg = Release|Any CPU
		{5FC72C62-16D6-4F95-AA45-C7AD5F8A7901}.Release|Any CPU.Build.0 = Release|Any CPU
		{DD7824D5-F74E-4412-9E87-C7B89E1C6165}.Debug|Any CPU.ActiveCfg = Debug|Any CPU
		{DD7824D5-F74E-4412-9E87-C7B89E1C6165}.Debug|Any CPU.Build.0 = Debug|Any CPU
		{DD7824D5-F74E-4412-9E87-C7B89E1C6165}.Release|Any CPU.ActiveCfg = Release|Any CPU
		{DD7824D5-F74E-4412-9E87-C7B89E1C6165}.Release|Any CPU.Build.0 = Release|Any CPU
	EndGlobalSection
	GlobalSection(SolutionProperties) = preSolution
		HideSolutionNode = FALSE
	EndGlobalSection
	GlobalSection(NestedProjects) = preSolution
		{22EBF8A4-EED1-4CD1-99EB-99665163A315} = {ED143788-8444-4D0A-A812-716F38663544}
		{5FC72C62-16D6-4F95-AA45-C7AD5F8A7901} = {ED143788-8444-4D0A-A812-716F38663544}
		{DD7824D5-F74E-4412-9E87-C7B89E1C6165} = {ED143788-8444-4D0A-A812-716F38663544}
	EndGlobalSection
	GlobalSection(ExtensibilityGlobals) = postSolution
		SolutionGuid = {DC19E177-D7FA-42D7-9EAC-3C9A84D042A3}
	EndGlobalSection
EndGlobal
